Microsoft Visual Studio Solution File, Format Version 12.00
# Visual Studio 2012
Project("{F184B08F-C81C-45f6-A57F-5ABD9991F28F}") = "PauloETLExecute", "PauloETLExecute.vbproj", "{D5F4D943-608E-4F55-9829-13D75F7F042B}"
EndProject
Project("{F184B08F-C81C-45f6-A57F-5ABD9991F28F}") = "PauloETL", "PauloETL.vbproj", "{31E152AE-636B-482A-93DE-6CD85673408C}"
EndProject
Global
	GlobalSection(SolutionConfigurationPlatforms) = preSolution
		Debug|Mixed Platforms = Debug|Mixed Platforms
		Debug|x86 = Debug|x86
		Release|Mixed Platforms = Release|Mixed Platforms
		Release|x86 = Release|x86
	EndGlobalSection
	GlobalSection(ProjectConfigurationPlatforms) = postSolution
		{D5F4D943-608E-4F55-9829-13D75F7F042B}.Debug|Mixed Platforms.ActiveCfg = Debug|x86
		{D5F4D943-608E-4F55-9829-13D75F7F042B}.Debug|Mixed Platforms.Build.0 = Debug|x86
		{D5F4D943-608E-4F55-9829-13D75F7F042B}.Debug|x86.ActiveCfg = Debug|x86
		{D5F4D943-608E-4F55-9829-13D75F7F042B}.Debug|x86.Build.0 = Debug|x86
		{D5F4D943-608E-4F55-9829-13D75F7F042B}.Release|Mixed Platforms.ActiveCfg = Release|x86
		{D5F4D943-608E-4F55-9829-13D75F7F042B}.Release|Mixed Platforms.Build.0 = Release|x86
		{D5F4D943-608E-4F55-9829-13D75F7F042B}.Release|x86.ActiveCfg = Release|x86
		{D5F4D943-608E-4F55-9829-13D75F7F042B}.Release|x86.Build.0 = Release|x86
		{31E152AE-636B-482A-93DE-6CD85673408C}.Debug|Mixed Platforms.ActiveCfg = Debug|x86
		{31E152AE-636B-482A-93DE-6CD85673408C}.Debug|Mixed Platforms.Build.0 = Debug|x86
		{31E152AE-636B-482A-93DE-6CD85673408C}.Debug|x86.ActiveCfg = Debug|x86
		{31E152AE-636B-482A-93DE-6CD85673408C}.Debug|x86.Build.0 = Debug|x86
		{31E152AE-636B-482A-93DE-6CD85673408C}.Release|Mixed Platforms.ActiveCfg = Release|x86
		{31E152AE-636B-482A-93DE-6CD85673408C}.Release|Mixed Platforms.Build.0 = Release|x86
		{31E152AE-636B-482A-93DE-6CD85673408C}.Release|x86.ActiveCfg = Release|x86
		{31E152AE-636B-482A-93DE-6CD85673408C}.Release|x86.Build.0 = Release|x86
	EndGlobalSection
	GlobalSection(SolutionProperties) = preSolution
		HideSolutionNode = FALSE
	EndGlobalSection
EndGlobal
